// !$*UTF8*$!
{
	archiveVersion = 1;
	classes = {
	};
	objectVersion = 51;
	objects = {

/* Begin PBXBuildFile section */
		5F984162B46F33AFB79BF79E /* Pods_OrderSpeed.framework in Frameworks */ = {isa = PBXBuildFile; fileRef = D00A6F730AF2500B9AA8D809 /* Pods_OrderSpeed.framework */; };
		E737F31825258F5B002B0357 /* ListInfomationViewController.swift in Sources */ = {isa = PBXBuildFile; fileRef = E737F31625258F5A002B0357 /* ListInfomationViewController.swift */; };
		E737F31925258F5B002B0357 /* ListInfomationViewController.xib in Resources */ = {isa = PBXBuildFile; fileRef = E737F31725258F5A002B0357 /* ListInfomationViewController.xib */; };
		E737F31E2525C978002B0357 /* NotificationViewController.swift in Sources */ = {isa = PBXBuildFile; fileRef = E737F31C2525C978002B0357 /* NotificationViewController.swift */; };
		E737F31F2525C978002B0357 /* NotificationViewController.xib in Resources */ = {isa = PBXBuildFile; fileRef = E737F31D2525C978002B0357 /* NotificationViewController.xib */; };
		E737F3242525CCD1002B0357 /* NotificationTableCell.swift in Sources */ = {isa = PBXBuildFile; fileRef = E737F3222525CCD1002B0357 /* NotificationTableCell.swift */; };
		E737F3252525CCD1002B0357 /* NotificationTableCell.xib in Resources */ = {isa = PBXBuildFile; fileRef = E737F3232525CCD1002B0357 /* NotificationTableCell.xib */; };
		E737F3282525CE6F002B0357 /* NotificationModel.swift in Sources */ = {isa = PBXBuildFile; fileRef = E737F3272525CE6F002B0357 /* NotificationModel.swift */; };
		E737F37F25270FB2002B0357 /* CustomBrowserViewController.swift in Sources */ = {isa = PBXBuildFile; fileRef = E737F37D25270FB2002B0357 /* CustomBrowserViewController.swift */; };
		E737F38025270FB2002B0357 /* CustomBrowserViewController.xib in Resources */ = {isa = PBXBuildFile; fileRef = E737F37E25270FB2002B0357 /* CustomBrowserViewController.xib */; };
		E748BA7F2503CAC500612050 /* SupportMainCell.swift in Sources */ = {isa = PBXBuildFile; fileRef = E748BA7D2503CAC500612050 /* SupportMainCell.swift */; };
		E748BA802503CAC500612050 /* SupportMainCell.xib in Resources */ = {isa = PBXBuildFile; fileRef = E748BA7E2503CAC500612050 /* SupportMainCell.xib */; };
		E748BA832503CCBA00612050 /* SupportCollectionCell.swift in Sources */ = {isa = PBXBuildFile; fileRef = E748BA812503CCBA00612050 /* SupportCollectionCell.swift */; };
		E748BA842503CCBA00612050 /* SupportCollectionCell.xib in Resources */ = {isa = PBXBuildFile; fileRef = E748BA822503CCBA00612050 /* SupportCollectionCell.xib */; };
		E748BA862503D37A00612050 /* HomeHeaderSectionView.swift in Sources */ = {isa = PBXBuildFile; fileRef = E748BA852503D37A00612050 /* HomeHeaderSectionView.swift */; };
		E748BA882503D38300612050 /* HomeHeaderSectionView.xib in Resources */ = {isa = PBXBuildFile; fileRef = E748BA872503D38300612050 /* HomeHeaderSectionView.xib */; };
		E748BA8B2503DF4600612050 /* CreateOrderTableViewCell.swift in Sources */ = {isa = PBXBuildFile; fileRef = E748BA892503DF4600612050 /* CreateOrderTableViewCell.swift */; };
		E748BA8C2503DF4600612050 /* CreateOrderTableViewCell.xib in Resources */ = {isa = PBXBuildFile; fileRef = E748BA8A2503DF4600612050 /* CreateOrderTableViewCell.xib */; };
		E748BA922503E0BE00612050 /* CreateOrderViewController.swift in Sources */ = {isa = PBXBuildFile; fileRef = E748BA902503E0BE00612050 /* CreateOrderViewController.swift */; };
		E748BA932503E0BE00612050 /* CreateOrderViewController.xib in Resources */ = {isa = PBXBuildFile; fileRef = E748BA912503E0BE00612050 /* CreateOrderViewController.xib */; };
		E75693DC2500DB7C0017BA48 /* GoogleService-Info.plist in Resources */ = {isa = PBXBuildFile; fileRef = E75693DB2500DB7C0017BA48 /* GoogleService-Info.plist */; };
		E75693E02500E7670017BA48 /* RegisterViewController.swift in Sources */ = {isa = PBXBuildFile; fileRef = E75693DE2500E7670017BA48 /* RegisterViewController.swift */; };
		E75693E12500E7670017BA48 /* RegisterViewController.xib in Resources */ = {isa = PBXBuildFile; fileRef = E75693DF2500E7670017BA48 /* RegisterViewController.xib */; };
		E75693E32501293C0017BA48 /* User.swift in Sources */ = {isa = PBXBuildFile; fileRef = E75693E22501293B0017BA48 /* User.swift */; };
		E76B20A22511C0C50041EB20 /* EditOrderViewController.swift in Sources */ = {isa = PBXBuildFile; fileRef = E76B20A02511C0C50041EB20 /* EditOrderViewController.swift */; };
		E76B20A32511C0C50041EB20 /* EditOrderViewController.xib in Resources */ = {isa = PBXBuildFile; fileRef = E76B20A12511C0C50041EB20 /* EditOrderViewController.xib */; };
		E76B20A72511CA060041EB20 /* ChooseDeliveryViewController.swift in Sources */ = {isa = PBXBuildFile; fileRef = E76B20A52511CA060041EB20 /* ChooseDeliveryViewController.swift */; };
		E76B20A82511CA060041EB20 /* ChooseDeliveryViewController.xib in Resources */ = {isa = PBXBuildFile; fileRef = E76B20A62511CA060041EB20 /* ChooseDeliveryViewController.xib */; };
		E76B20AA2511CB190041EB20 /* DeliveryModel.swift in Sources */ = {isa = PBXBuildFile; fileRef = E76B20A92511CB190041EB20 /* DeliveryModel.swift */; };
		E76B20B1251201100041EB20 /* ManagerOrderViewController.swift in Sources */ = {isa = PBXBuildFile; fileRef = E76B20B02512010F0041EB20 /* ManagerOrderViewController.swift */; };
		E76B20B4251201950041EB20 /* ManagerOrderTableCell.swift in Sources */ = {isa = PBXBuildFile; fileRef = E76B20B2251201950041EB20 /* ManagerOrderTableCell.swift */; };
		E76B20B5251201950041EB20 /* ManagerOrderTableCell.xib in Resources */ = {isa = PBXBuildFile; fileRef = E76B20B3251201950041EB20 /* ManagerOrderTableCell.xib */; };
		E76B20BC25120AC00041EB20 /* AccountViewController.swift in Sources */ = {isa = PBXBuildFile; fileRef = E76B20BB25120AC00041EB20 /* AccountViewController.swift */; };
		E76EF6642515CD240052474F /* RequestSupportHeaderView.swift in Sources */ = {isa = PBXBuildFile; fileRef = E76EF6632515CD240052474F /* RequestSupportHeaderView.swift */; };
		E76EF6662515CD300052474F /* RequestSupportHeaderView.xib in Resources */ = {isa = PBXBuildFile; fileRef = E76EF6652515CD300052474F /* RequestSupportHeaderView.xib */; };
		E770145A251C4FCF004AB7E3 /* DetailInfomationViewController.swift in Sources */ = {isa = PBXBuildFile; fileRef = E7701458251C4FCF004AB7E3 /* DetailInfomationViewController.swift */; };
		E770145B251C4FCF004AB7E3 /* DetailInfomationViewController.xib in Resources */ = {isa = PBXBuildFile; fileRef = E7701459251C4FCF004AB7E3 /* DetailInfomationViewController.xib */; };
		E770145E251DDBF6004AB7E3 /* ProductSiteModel.swift in Sources */ = {isa = PBXBuildFile; fileRef = E770145D251DDBF6004AB7E3 /* ProductSiteModel.swift */; };
		E773FACB2510C7C0003E0EFC /* OrderProductDataModel.swift in Sources */ = {isa = PBXBuildFile; fileRef = E773FACA2510C7C0003E0EFC /* OrderProductDataModel.swift */; };
		E774E0B525243ACE00CE49B3 /* ToastView.swift in Sources */ = {isa = PBXBuildFile; fileRef = E774E0B425243ACE00CE49B3 /* ToastView.swift */; };
		E778306F2501DADF0005D59C /* HomeViewController.swift in Sources */ = {isa = PBXBuildFile; fileRef = E778306E2501DADF0005D59C /* HomeViewController.swift */; };
		E77830712501DDFA0005D59C /* HomeHeaderView.swift in Sources */ = {isa = PBXBuildFile; fileRef = E77830702501DDFA0005D59C /* HomeHeaderView.swift */; };
		E77830732501DE030005D59C /* HomeHeaderView.xib in Resources */ = {isa = PBXBuildFile; fileRef = E77830722501DE030005D59C /* HomeHeaderView.xib */; };
		E77830772501E0E10005D59C /* SupportTableViewCell.swift in Sources */ = {isa = PBXBuildFile; fileRef = E77830752501E0E10005D59C /* SupportTableViewCell.swift */; };
		E77830782501E0E10005D59C /* SupportTableViewCell.xib in Resources */ = {isa = PBXBuildFile; fileRef = E77830762501E0E10005D59C /* SupportTableViewCell.xib */; };
		E778307B250225200005D59C /* HomeOptionCollectionViewCell.swift in Sources */ = {isa = PBXBuildFile; fileRef = E7783079250225200005D59C /* HomeOptionCollectionViewCell.swift */; };
		E778307C250225200005D59C /* HomeOptionCollectionViewCell.xib in Resources */ = {isa = PBXBuildFile; fileRef = E778307A250225200005D59C /* HomeOptionCollectionViewCell.xib */; };
		E778307F2502333D0005D59C /* CustomAlertViewController.swift in Sources */ = {isa = PBXBuildFile; fileRef = E778307D2502333D0005D59C /* CustomAlertViewController.swift */; };
		E77830802502333D0005D59C /* CustomAlertViewController.xib in Resources */ = {isa = PBXBuildFile; fileRef = E778307E2502333D0005D59C /* CustomAlertViewController.xib */; };
		E7783084250241F60005D59C /* NEWSTableViewCell.swift in Sources */ = {isa = PBXBuildFile; fileRef = E7783082250241F60005D59C /* NEWSTableViewCell.swift */; };
		E7783085250241F60005D59C /* NEWSTableViewCell.xib in Resources */ = {isa = PBXBuildFile; fileRef = E7783083250241F60005D59C /* NEWSTableViewCell.xib */; };
		E77830882503BC460005D59C /* BankInfoTableViewCell.swift in Sources */ = {isa = PBXBuildFile; fileRef = E77830862503BC460005D59C /* BankInfoTableViewCell.swift */; };
		E77830892503BC460005D59C /* BankInfoTableViewCell.xib in Resources */ = {isa = PBXBuildFile; fileRef = E77830872503BC460005D59C /* BankInfoTableViewCell.xib */; };
		E77F7C2D25008CAC001A7B7A /* AppDelegate.swift in Sources */ = {isa = PBXBuildFile; fileRef = E77F7C2C25008CAC001A7B7A /* AppDelegate.swift */; };
		E77F7C2F25008CAC001A7B7A /* SceneDelegate.swift in Sources */ = {isa = PBXBuildFile; fileRef = E77F7C2E25008CAC001A7B7A /* SceneDelegate.swift */; };
		E77F7C3625008CAC001A7B7A /* Main.storyboard in Resources */ = {isa = PBXBuildFile; fileRef = E77F7C3425008CAC001A7B7A /* Main.storyboard */; };
		E77F7C3925008CAC001A7B7A /* OrderSpeed.xcdatamodeld in Sources */ = {isa = PBXBuildFile; fileRef = E77F7C3725008CAC001A7B7A /* OrderSpeed.xcdatamodeld */; };
		E77F7C3B25008CB1001A7B7A /* Assets.xcassets in Resources */ = {isa = PBXBuildFile; fileRef = E77F7C3A25008CB1001A7B7A /* Assets.xcassets */; };
		E77F7C3E25008CB1001A7B7A /* LaunchScreen.storyboard in Resources */ = {isa = PBXBuildFile; fileRef = E77F7C3C25008CB1001A7B7A /* LaunchScreen.storyboard */; };
		E78A545925136B64009351FC /* RequestSupportViewController.swift in Sources */ = {isa = PBXBuildFile; fileRef = E78A545725136B64009351FC /* RequestSupportViewController.swift */; };
		E78A545A25136B64009351FC /* RequestSupportViewController.xib in Resources */ = {isa = PBXBuildFile; fileRef = E78A545825136B64009351FC /* RequestSupportViewController.xib */; };
		E78A545C2513734C009351FC /* SupportModel.swift in Sources */ = {isa = PBXBuildFile; fileRef = E78A545B2513734C009351FC /* SupportModel.swift */; };
		E78A545E2513789F009351FC /* RequestSupportModel.swift in Sources */ = {isa = PBXBuildFile; fileRef = E78A545D2513789F009351FC /* RequestSupportModel.swift */; };
		E78A546025146020009351FC /* OrderStatusModel.swift in Sources */ = {isa = PBXBuildFile; fileRef = E78A545F25146020009351FC /* OrderStatusModel.swift */; };
		E78A54632514B511009351FC /* StatusOrderViewController.swift in Sources */ = {isa = PBXBuildFile; fileRef = E78A54612514B510009351FC /* StatusOrderViewController.swift */; };
		E78A54642514B511009351FC /* StatusOrderViewController.xib in Resources */ = {isa = PBXBuildFile; fileRef = E78A54622514B510009351FC /* StatusOrderViewController.xib */; };
		E78A54662514B5B1009351FC /* StatusOrderHeaderView.swift in Sources */ = {isa = PBXBuildFile; fileRef = E78A54652514B5B1009351FC /* StatusOrderHeaderView.swift */; };
		E78A54682514B5BA009351FC /* StatusOrderHeaderView.xib in Resources */ = {isa = PBXBuildFile; fileRef = E78A54672514B5BA009351FC /* StatusOrderHeaderView.xib */; };
		E78A546B2514C1A8009351FC /* OrderStatusTableCell.swift in Sources */ = {isa = PBXBuildFile; fileRef = E78A54692514C1A8009351FC /* OrderStatusTableCell.swift */; };
		E78A546C2514C1A8009351FC /* OrderStatusTableCell.xib in Resources */ = {isa = PBXBuildFile; fileRef = E78A546A2514C1A8009351FC /* OrderStatusTableCell.xib */; };
		E78A546E2514D275009351FC /* DetailOrderStatusSectionView.swift in Sources */ = {isa = PBXBuildFile; fileRef = E78A546D2514D275009351FC /* DetailOrderStatusSectionView.swift */; };
		E78A54702514D27F009351FC /* DetailOrderStatusSectionView.xib in Resources */ = {isa = PBXBuildFile; fileRef = E78A546F2514D27F009351FC /* DetailOrderStatusSectionView.xib */; };
		E7A0E63C25073501003B2040 /* ImageProductCollectionViewCell.swift in Sources */ = {isa = PBXBuildFile; fileRef = E7A0E63A25073501003B2040 /* ImageProductCollectionViewCell.swift */; };
		E7A0E63D25073501003B2040 /* ImageProductCollectionViewCell.xib in Resources */ = {isa = PBXBuildFile; fileRef = E7A0E63B25073501003B2040 /* ImageProductCollectionViewCell.xib */; };
		E7A0E65325073FB8003B2040 /* PhotoCollectionViewCell.xib in Resources */ = {isa = PBXBuildFile; fileRef = E7A0E64D25073FB8003B2040 /* PhotoCollectionViewCell.xib */; };
		E7A0E65425073FB8003B2040 /* ListPhotosViewController.xib in Resources */ = {isa = PBXBuildFile; fileRef = E7A0E64E25073FB8003B2040 /* ListPhotosViewController.xib */; };
		E7A0E65525073FB8003B2040 /* AlbumOptionsCell.swift in Sources */ = {isa = PBXBuildFile; fileRef = E7A0E64F25073FB8003B2040 /* AlbumOptionsCell.swift */; };
		E7A0E65625073FB8003B2040 /* ListPhotosViewController.swift in Sources */ = {isa = PBXBuildFile; fileRef = E7A0E65025073FB8003B2040 /* ListPhotosViewController.swift */; };
		E7A0E65725073FB8003B2040 /* AlbumOptionsCell.xib in Resources */ = {isa = PBXBuildFile; fileRef = E7A0E65125073FB8003B2040 /* AlbumOptionsCell.xib */; };
		E7A0E65825073FB8003B2040 /* PhotoCollectionViewCell.swift in Sources */ = {isa = PBXBuildFile; fileRef = E7A0E65225073FB8003B2040 /* PhotoCollectionViewCell.swift */; };
		E7A0E65A25077817003B2040 /* OrderProductModel.swift in Sources */ = {isa = PBXBuildFile; fileRef = E7A0E65925077817003B2040 /* OrderProductModel.swift */; };
		E7A0E65D2507C6BE003B2040 /* OrderInfoViewController.swift in Sources */ = {isa = PBXBuildFile; fileRef = E7A0E65B2507C6BE003B2040 /* OrderInfoViewController.swift */; };
		E7A0E65E2507C6BE003B2040 /* OrderInfoViewController.xib in Resources */ = {isa = PBXBuildFile; fileRef = E7A0E65C2507C6BE003B2040 /* OrderInfoViewController.xib */; };
		E7B2F28E2500943E00F1F26A /* MainViewController.swift in Sources */ = {isa = PBXBuildFile; fileRef = E7B2F28D2500943E00F1F26A /* MainViewController.swift */; };
		E7B2F2902500948200F1F26A /* Tools.swift in Sources */ = {isa = PBXBuildFile; fileRef = E7B2F28F2500948200F1F26A /* Tools.swift */; };
		E7B2F296250094A000F1F26A /* BottomLineTextFiled.swift in Sources */ = {isa = PBXBuildFile; fileRef = E7B2F292250094A000F1F26A /* BottomLineTextFiled.swift */; };
		E7B2F297250094A000F1F26A /* CustomTextViewPlaceHolder.swift in Sources */ = {isa = PBXBuildFile; fileRef = E7B2F293250094A000F1F26A /* CustomTextViewPlaceHolder.swift */; };
		E7B2F298250094A000F1F26A /* BottomAlignLabel.swift in Sources */ = {isa = PBXBuildFile; fileRef = E7B2F294250094A000F1F26A /* BottomAlignLabel.swift */; };
		E7B2F299250094A000F1F26A /* NVTProgressHUD.swift in Sources */ = {isa = PBXBuildFile; fileRef = E7B2F295250094A000F1F26A /* NVTProgressHUD.swift */; };
		E7B2F29C2500950A00F1F26A /* LoginViewController.swift in Sources */ = {isa = PBXBuildFile; fileRef = E7B2F29A2500950A00F1F26A /* LoginViewController.swift */; };
		E7B2F29D2500950A00F1F26A /* LoginViewController.xib in Resources */ = {isa = PBXBuildFile; fileRef = E7B2F29B2500950A00F1F26A /* LoginViewController.xib */; };
		E7C012FC2519FEFC00E8FD8B /* InfomationViewController.swift in Sources */ = {isa = PBXBuildFile; fileRef = E7C012FB2519FEFC00E8FD8B /* InfomationViewController.swift */; };
		E7C012FF251A162000E8FD8B /* InformationModel.swift in Sources */ = {isa = PBXBuildFile; fileRef = E7C012FE251A162000E8FD8B /* InformationModel.swift */; };
		E7C01303251A1C5800E8FD8B /* InfomationCollectionCell.swift in Sources */ = {isa = PBXBuildFile; fileRef = E7C01301251A1C5800E8FD8B /* InfomationCollectionCell.swift */; };
		E7C01304251A1C5800E8FD8B /* InfomationCollectionCell.xib in Resources */ = {isa = PBXBuildFile; fileRef = E7C01302251A1C5800E8FD8B /* InfomationCollectionCell.xib */; };
		E7C316D3250878F3007F712B /* PaymenterTableCell.swift in Sources */ = {isa = PBXBuildFile; fileRef = E7C316D1250878F3007F712B /* PaymenterTableCell.swift */; };
		E7C316D4250878F3007F712B /* PaymenterTableCell.xib in Resources */ = {isa = PBXBuildFile; fileRef = E7C316D2250878F3007F712B /* PaymenterTableCell.xib */; };
		E7C316D725087B1B007F712B /* CheckOrderTableCell.swift in Sources */ = {isa = PBXBuildFile; fileRef = E7C316D525087B1B007F712B /* CheckOrderTableCell.swift */; };
		E7C316D825087B1B007F712B /* CheckOrderTableCell.xib in Resources */ = {isa = PBXBuildFile; fileRef = E7C316D625087B1B007F712B /* CheckOrderTableCell.xib */; };
		E7C316DC2508D7CC007F712B /* ChooseCityViewController.swift in Sources */ = {isa = PBXBuildFile; fileRef = E7C316DA2508D7CB007F712B /* ChooseCityViewController.swift */; };
		E7C316DD2508D7CC007F712B /* ChooseCityViewController.xib in Resources */ = {isa = PBXBuildFile; fileRef = E7C316DB2508D7CB007F712B /* ChooseCityViewController.xib */; };
		E7C316E02508D891007F712B /* ShowTitleTableCell.swift in Sources */ = {isa = PBXBuildFile; fileRef = E7C316DE2508D891007F712B /* ShowTitleTableCell.swift */; };
		E7C316E12508D891007F712B /* ShowTitleTableCell.xib in Resources */ = {isa = PBXBuildFile; fileRef = E7C316DF2508D891007F712B /* ShowTitleTableCell.xib */; };
		E7D5E45D25185E32004CF16A /* AccountHeaderView.swift in Sources */ = {isa = PBXBuildFile; fileRef = E7D5E45C25185E32004CF16A /* AccountHeaderView.swift */; };
		E7D5E46025185E3C004CF16A /* AccountHeaderView.xib in Resources */ = {isa = PBXBuildFile; fileRef = E7D5E45F25185E3B004CF16A /* AccountHeaderView.xib */; };
		E7D5E46425189496004CF16A /* ChangeAddressViewController.swift in Sources */ = {isa = PBXBuildFile; fileRef = E7D5E46225189496004CF16A /* ChangeAddressViewController.swift */; };
		E7D5E46525189496004CF16A /* ChangeAddressViewController.xib in Resources */ = {isa = PBXBuildFile; fileRef = E7D5E46325189496004CF16A /* ChangeAddressViewController.xib */; };
		E7D91337252B14B40096D0B7 /* ListInfomationTableCell.swift in Sources */ = {isa = PBXBuildFile; fileRef = E7D91335252B14B40096D0B7 /* ListInfomationTableCell.swift */; };
		E7D91338252B14B40096D0B7 /* ListInfomationTableCell.xib in Resources */ = {isa = PBXBuildFile; fileRef = E7D91336252B14B40096D0B7 /* ListInfomationTableCell.xib */; };
		E7D9133D252B2FD40096D0B7 /* OrderStatusOptionViewController.swift in Sources */ = {isa = PBXBuildFile; fileRef = E7D9133B252B2FD40096D0B7 /* OrderStatusOptionViewController.swift */; };
		E7D9133E252B2FD40096D0B7 /* OrderStatusOptionViewController.xib in Resources */ = {isa = PBXBuildFile; fileRef = E7D9133C252B2FD40096D0B7 /* OrderStatusOptionViewController.xib */; };
		E7F05EDE2518A75500A5352B /* ReceiverInfoTableCell.swift in Sources */ = {isa = PBXBuildFile; fileRef = E7F05EDC2518A75500A5352B /* ReceiverInfoTableCell.swift */; };
		E7F05EDF2518A75600A5352B /* ReceiverInfoTableCell.xib in Resources */ = {isa = PBXBuildFile; fileRef = E7F05EDD2518A75500A5352B /* ReceiverInfoTableCell.xib */; };
		E7F05EE32518A86800A5352B /* AccountReceiverTableCell.swift in Sources */ = {isa = PBXBuildFile; fileRef = E7F05EE12518A86800A5352B /* AccountReceiverTableCell.swift */; };
		E7F05EE42518A86800A5352B /* AccountReceiverTableCell.xib in Resources */ = {isa = PBXBuildFile; fileRef = E7F05EE22518A86800A5352B /* AccountReceiverTableCell.xib */; };
		E7F05EE72518CF5E00A5352B /* BankInfoModel.swift in Sources */ = {isa = PBXBuildFile; fileRef = E7F05EE62518CF5E00A5352B /* BankInfoModel.swift */; };
/* End PBXBuildFile section */

/* Begin PBXFileReference section */
		0E050E48136843A81E87EBF4 /* Pods-OrderSpeed.release.xcconfig */ = {isa = PBXFileReference; includeInIndex = 1; lastKnownFileType = text.xcconfig; name = "Pods-OrderSpeed.release.xcconfig"; path = "Target Support Files/Pods-OrderSpeed/Pods-OrderSpeed.release.xcconfig"; sourceTree = "<group>"; };
		2B4E04DC330A5BCF51771412 /* Pods-OrderSpeed.debug.xcconfig */ = {isa = PBXFileReference; includeInIndex = 1; lastKnownFileType = text.xcconfig; name = "Pods-OrderSpeed.debug.xcconfig"; path = "Target Support Files/Pods-OrderSpeed/Pods-OrderSpeed.debug.xcconfig"; sourceTree = "<group>"; };
		D00A6F730AF2500B9AA8D809 /* Pods_OrderSpeed.framework */ = {isa = PBXFileReference; explicitFileType = wrapper.framework; includeInIndex = 0; path = Pods_OrderSpeed.framework; sourceTree = BUILT_PRODUCTS_DIR; };
		E737F31625258F5A002B0357 /* ListInfomationViewController.swift */ = {isa = PBXFileReference; lastKnownFileType = sourcecode.swift; path = ListInfomationViewController.swift; sourceTree = "<group>"; };
		E737F31725258F5A002B0357 /* ListInfomationViewController.xib */ = {isa = PBXFileReference; lastKnownFileType = file.xib; path = ListInfomationViewController.xib; sourceTree = "<group>"; };
		E737F31C2525C978002B0357 /* NotificationViewController.swift */ = {isa = PBXFileReference; lastKnownFileType = sourcecode.swift; path = NotificationViewController.swift; sourceTree = "<group>"; };
		E737F31D2525C978002B0357 /* NotificationViewController.xib */ = {isa = PBXFileReference; lastKnownFileType = file.xib; path = NotificationViewController.xib; sourceTree = "<group>"; };
		E737F3222525CCD1002B0357 /* NotificationTableCell.swift */ = {isa = PBXFileReference; lastKnownFileType = sourcecode.swift; path = NotificationTableCell.swift; sourceTree = "<group>"; };
		E737F3232525CCD1002B0357 /* NotificationTableCell.xib */ = {isa = PBXFileReference; lastKnownFileType = file.xib; path = NotificationTableCell.xib; sourceTree = "<group>"; };
		E737F3272525CE6F002B0357 /* NotificationModel.swift */ = {isa = PBXFileReference; lastKnownFileType = sourcecode.swift; path = NotificationModel.swift; sourceTree = "<group>"; };
		E737F37D25270FB2002B0357 /* CustomBrowserViewController.swift */ = {isa = PBXFileReference; lastKnownFileType = sourcecode.swift; path = CustomBrowserViewController.swift; sourceTree = "<group>"; };
		E737F37E25270FB2002B0357 /* CustomBrowserViewController.xib */ = {isa = PBXFileReference; lastKnownFileType = file.xib; path = CustomBrowserViewController.xib; sourceTree = "<group>"; };
		E748BA7D2503CAC500612050 /* SupportMainCell.swift */ = {isa = PBXFileReference; lastKnownFileType = sourcecode.swift; path = SupportMainCell.swift; sourceTree = "<group>"; };
		E748BA7E2503CAC500612050 /* SupportMainCell.xib */ = {isa = PBXFileReference; lastKnownFileType = file.xib; path = SupportMainCell.xib; sourceTree = "<group>"; };
		E748BA812503CCBA00612050 /* SupportCollectionCell.swift */ = {isa = PBXFileReference; lastKnownFileType = sourcecode.swift; path = SupportCollectionCell.swift; sourceTree = "<group>"; };
		E748BA822503CCBA00612050 /* SupportCollectionCell.xib */ = {isa = PBXFileReference; lastKnownFileType = file.xib; path = SupportCollectionCell.xib; sourceTree = "<group>"; };
		E748BA852503D37A00612050 /* HomeHeaderSectionView.swift */ = {isa = PBXFileReference; lastKnownFileType = sourcecode.swift; path = HomeHeaderSectionView.swift; sourceTree = "<group>"; };
		E748BA872503D38300612050 /* HomeHeaderSectionView.xib */ = {isa = PBXFileReference; lastKnownFileType = file.xib; path = HomeHeaderSectionView.xib; sourceTree = "<group>"; };
		E748BA892503DF4600612050 /* CreateOrderTableViewCell.swift */ = {isa = PBXFileReference; lastKnownFileType = sourcecode.swift; path = CreateOrderTableViewCell.swift; sourceTree = "<group>"; };
		E748BA8A2503DF4600612050 /* CreateOrderTableViewCell.xib */ = {isa = PBXFileReference; lastKnownFileType = file.xib; path = CreateOrderTableViewCell.xib; sourceTree = "<group>"; };
		E748BA902503E0BE00612050 /* CreateOrderViewController.swift */ = {isa = PBXFileReference; lastKnownFileType = sourcecode.swift; path = CreateOrderViewController.swift; sourceTree = "<group>"; };
		E748BA912503E0BE00612050 /* CreateOrderViewController.xib */ = {isa = PBXFileReference; lastKnownFileType = file.xib; path = CreateOrderViewController.xib; sourceTree = "<group>"; };
		E75693DB2500DB7C0017BA48 /* GoogleService-Info.plist */ = {isa = PBXFileReference; fileEncoding = 4; lastKnownFileType = text.plist.xml; path = "GoogleService-Info.plist"; sourceTree = "<group>"; };
		E75693DE2500E7670017BA48 /* RegisterViewController.swift */ = {isa = PBXFileReference; lastKnownFileType = sourcecode.swift; path = RegisterViewController.swift; sourceTree = "<group>"; };
		E75693DF2500E7670017BA48 /* RegisterViewController.xib */ = {isa = PBXFileReference; lastKnownFileType = file.xib; path = RegisterViewController.xib; sourceTree = "<group>"; };
		E75693E22501293B0017BA48 /* User.swift */ = {isa = PBXFileReference; fileEncoding = 4; lastKnownFileType = sourcecode.swift; path = User.swift; sourceTree = "<group>"; };
		E76B20A02511C0C50041EB20 /* EditOrderViewController.swift */ = {isa = PBXFileReference; lastKnownFileType = sourcecode.swift; path = EditOrderViewController.swift; sourceTree = "<group>"; };
		E76B20A12511C0C50041EB20 /* EditOrderViewController.xib */ = {isa = PBXFileReference; lastKnownFileType = file.xib; path = EditOrderViewController.xib; sourceTree = "<group>"; };
		E76B20A52511CA060041EB20 /* ChooseDeliveryViewController.swift */ = {isa = PBXFileReference; lastKnownFileType = sourcecode.swift; path = ChooseDeliveryViewController.swift; sourceTree = "<group>"; };
		E76B20A62511CA060041EB20 /* ChooseDeliveryViewController.xib */ = {isa = PBXFileReference; lastKnownFileType = file.xib; path = ChooseDeliveryViewController.xib; sourceTree = "<group>"; };
		E76B20A92511CB190041EB20 /* DeliveryModel.swift */ = {isa = PBXFileReference; lastKnownFileType = sourcecode.swift; path = DeliveryModel.swift; sourceTree = "<group>"; };
		E76B20B02512010F0041EB20 /* ManagerOrderViewController.swift */ = {isa = PBXFileReference; lastKnownFileType = sourcecode.swift; path = ManagerOrderViewController.swift; sourceTree = "<group>"; };
		E76B20B2251201950041EB20 /* ManagerOrderTableCell.swift */ = {isa = PBXFileReference; lastKnownFileType = sourcecode.swift; path = ManagerOrderTableCell.swift; sourceTree = "<group>"; };
		E76B20B3251201950041EB20 /* ManagerOrderTableCell.xib */ = {isa = PBXFileReference; lastKnownFileType = file.xib; path = ManagerOrderTableCell.xib; sourceTree = "<group>"; };
		E76B20BB25120AC00041EB20 /* AccountViewController.swift */ = {isa = PBXFileReference; lastKnownFileType = sourcecode.swift; path = AccountViewController.swift; sourceTree = "<group>"; };
		E76EF6632515CD240052474F /* RequestSupportHeaderView.swift */ = {isa = PBXFileReference; lastKnownFileType = sourcecode.swift; path = RequestSupportHeaderView.swift; sourceTree = "<group>"; };
		E76EF6652515CD300052474F /* RequestSupportHeaderView.xib */ = {isa = PBXFileReference; lastKnownFileType = file.xib; path = RequestSupportHeaderView.xib; sourceTree = "<group>"; };
		E7701458251C4FCF004AB7E3 /* DetailInfomationViewController.swift */ = {isa = PBXFileReference; lastKnownFileType = sourcecode.swift; path = DetailInfomationViewController.swift; sourceTree = "<group>"; };
		E7701459251C4FCF004AB7E3 /* DetailInfomationViewController.xib */ = {isa = PBXFileReference; lastKnownFileType = file.xib; path = DetailInfomationViewController.xib; sourceTree = "<group>"; };
		E770145D251DDBF6004AB7E3 /* ProductSiteModel.swift */ = {isa = PBXFileReference; lastKnownFileType = sourcecode.swift; path = ProductSiteModel.swift; sourceTree = "<group>"; };
		E773FACA2510C7C0003E0EFC /* OrderProductDataModel.swift */ = {isa = PBXFileReference; lastKnownFileType = sourcecode.swift; path = OrderProductDataModel.swift; sourceTree = "<group>"; };
		E774E0B425243ACE00CE49B3 /* ToastView.swift */ = {isa = PBXFileReference; lastKnownFileType = sourcecode.swift; path = ToastView.swift; sourceTree = "<group>"; };
		E778306E2501DADF0005D59C /* HomeViewController.swift */ = {isa = PBXFileReference; lastKnownFileType = sourcecode.swift; path = HomeViewController.swift; sourceTree = "<group>"; };
		E77830702501DDFA0005D59C /* HomeHeaderView.swift */ = {isa = PBXFileReference; lastKnownFileType = sourcecode.swift; path = HomeHeaderView.swift; sourceTree = "<group>"; };
		E77830722501DE030005D59C /* HomeHeaderView.xib */ = {isa = PBXFileReference; lastKnownFileType = file.xib; path = HomeHeaderView.xib; sourceTree = "<group>"; };
		E77830752501E0E10005D59C /* SupportTableViewCell.swift */ = {isa = PBXFileReference; lastKnownFileType = sourcecode.swift; path = SupportTableViewCell.swift; sourceTree = "<group>"; };
		E77830762501E0E10005D59C /* SupportTableViewCell.xib */ = {isa = PBXFileReference; lastKnownFileType = file.xib; path = SupportTableViewCell.xib; sourceTree = "<group>"; };
		E7783079250225200005D59C /* HomeOptionCollectionViewCell.swift */ = {isa = PBXFileReference; lastKnownFileType = sourcecode.swift; path = HomeOptionCollectionViewCell.swift; sourceTree = "<group>"; };
		E778307A250225200005D59C /* HomeOptionCollectionViewCell.xib */ = {isa = PBXFileReference; lastKnownFileType = file.xib; path = HomeOptionCollectionViewCell.xib; sourceTree = "<group>"; };
		E778307D2502333D0005D59C /* CustomAlertViewController.swift */ = {isa = PBXFileReference; lastKnownFileType = sourcecode.swift; path = CustomAlertViewController.swift; sourceTree = "<group>"; };
		E778307E2502333D0005D59C /* CustomAlertViewController.xib */ = {isa = PBXFileReference; lastKnownFileType = file.xib; path = CustomAlertViewController.xib; sourceTree = "<group>"; };
		E7783082250241F60005D59C /* NEWSTableViewCell.swift */ = {isa = PBXFileReference; lastKnownFileType = sourcecode.swift; path = NEWSTableViewCell.swift; sourceTree = "<group>"; };
		E7783083250241F60005D59C /* NEWSTableViewCell.xib */ = {isa = PBXFileReference; lastKnownFileType = file.xib; path = NEWSTableViewCell.xib; sourceTree = "<group>"; };
		E77830862503BC460005D59C /* BankInfoTableViewCell.swift */ = {isa = PBXFileReference; lastKnownFileType = sourcecode.swift; path = BankInfoTableViewCell.swift; sourceTree = "<group>"; };
		E77830872503BC460005D59C /* BankInfoTableViewCell.xib */ = {isa = PBXFileReference; lastKnownFileType = file.xib; path = BankInfoTableViewCell.xib; sourceTree = "<group>"; };
		E77F7C2925008CAC001A7B7A /* OrderSpeed.app */ = {isa = PBXFileReference; explicitFileType = wrapper.application; includeInIndex = 0; path = OrderSpeed.app; sourceTree = BUILT_PRODUCTS_DIR; };
		E77F7C2C25008CAC001A7B7A /* AppDelegate.swift */ = {isa = PBXFileReference; lastKnownFileType = sourcecode.swift; path = AppDelegate.swift; sourceTree = "<group>"; };
		E77F7C2E25008CAC001A7B7A /* SceneDelegate.swift */ = {isa = PBXFileReference; lastKnownFileType = sourcecode.swift; path = SceneDelegate.swift; sourceTree = "<group>"; };
		E77F7C3525008CAC001A7B7A /* Base */ = {isa = PBXFileReference; lastKnownFileType = file.storyboard; name = Base; path = Base.lproj/Main.storyboard; sourceTree = "<group>"; };
		E77F7C3825008CAC001A7B7A /* OrderSpeed.xcdatamodel */ = {isa = PBXFileReference; lastKnownFileType = wrapper.xcdatamodel; path = OrderSpeed.xcdatamodel; sourceTree = "<group>"; };
		E77F7C3A25008CB1001A7B7A /* Assets.xcassets */ = {isa = PBXFileReference; lastKnownFileType = folder.assetcatalog; path = Assets.xcassets; sourceTree = "<group>"; };
		E77F7C3D25008CB1001A7B7A /* Base */ = {isa = PBXFileReference; lastKnownFileType = file.storyboard; name = Base; path = Base.lproj/LaunchScreen.storyboard; sourceTree = "<group>"; };
		E77F7C3F25008CB1001A7B7A /* Info.plist */ = {isa = PBXFileReference; lastKnownFileType = text.plist.xml; path = Info.plist; sourceTree = "<group>"; };
		E7899C4E252423B300B723BA /* OrderSpeed.entitlements */ = {isa = PBXFileReference; lastKnownFileType = text.plist.entitlements; path = OrderSpeed.entitlements; sourceTree = "<group>"; };
		E78A545725136B64009351FC /* RequestSupportViewController.swift */ = {isa = PBXFileReference; lastKnownFileType = sourcecode.swift; path = RequestSupportViewController.swift; sourceTree = "<group>"; };
		E78A545825136B64009351FC /* RequestSupportViewController.xib */ = {isa = PBXFileReference; lastKnownFileType = file.xib; path = RequestSupportViewController.xib; sourceTree = "<group>"; };
		E78A545B2513734C009351FC /* SupportModel.swift */ = {isa = PBXFileReference; lastKnownFileType = sourcecode.swift; path = SupportModel.swift; sourceTree = "<group>"; };
		E78A545D2513789F009351FC /* RequestSupportModel.swift */ = {isa = PBXFileReference; lastKnownFileType = sourcecode.swift; path = RequestSupportModel.swift; sourceTree = "<group>"; };
		E78A545F25146020009351FC /* OrderStatusModel.swift */ = {isa = PBXFileReference; lastKnownFileType = sourcecode.swift; path = OrderStatusModel.swift; sourceTree = "<group>"; };
		E78A54612514B510009351FC /* StatusOrderViewController.swift */ = {isa = PBXFileReference; lastKnownFileType = sourcecode.swift; path = StatusOrderViewController.swift; sourceTree = "<group>"; };
		E78A54622514B510009351FC /* StatusOrderViewController.xib */ = {isa = PBXFileReference; lastKnownFileType = file.xib; path = StatusOrderViewController.xib; sourceTree = "<group>"; };
		E78A54652514B5B1009351FC /* StatusOrderHeaderView.swift */ = {isa = PBXFileReference; lastKnownFileType = sourcecode.swift; path = StatusOrderHeaderView.swift; sourceTree = "<group>"; };
		E78A54672514B5BA009351FC /* StatusOrderHeaderView.xib */ = {isa = PBXFileReference; lastKnownFileType = file.xib; path = StatusOrderHeaderView.xib; sourceTree = "<group>"; };
		E78A54692514C1A8009351FC /* OrderStatusTableCell.swift */ = {isa = PBXFileReference; lastKnownFileType = sourcecode.swift; path = OrderStatusTableCell.swift; sourceTree = "<group>"; };
		E78A546A2514C1A8009351FC /* OrderStatusTableCell.xib */ = {isa = PBXFileReference; lastKnownFileType = file.xib; path = OrderStatusTableCell.xib; sourceTree = "<group>"; };
		E78A546D2514D275009351FC /* DetailOrderStatusSectionView.swift */ = {isa = PBXFileReference; lastKnownFileType = sourcecode.swift; path = DetailOrderStatusSectionView.swift; sourceTree = "<group>"; };
		E78A546F2514D27F009351FC /* DetailOrderStatusSectionView.xib */ = {isa = PBXFileReference; lastKnownFileType = file.xib; path = DetailOrderStatusSectionView.xib; sourceTree = "<group>"; };
		E7A0E63A25073501003B2040 /* ImageProductCollectionViewCell.swift */ = {isa = PBXFileReference; lastKnownFileType = sourcecode.swift; path = ImageProductCollectionViewCell.swift; sourceTree = "<group>"; };
		E7A0E63B25073501003B2040 /* ImageProductCollectionViewCell.xib */ = {isa = PBXFileReference; lastKnownFileType = file.xib; path = ImageProductCollectionViewCell.xib; sourceTree = "<group>"; };
		E7A0E64D25073FB8003B2040 /* PhotoCollectionViewCell.xib */ = {isa = PBXFileReference; fileEncoding = 4; lastKnownFileType = file.xib; path = PhotoCollectionViewCell.xib; sourceTree = "<group>"; };
		E7A0E64E25073FB8003B2040 /* ListPhotosViewController.xib */ = {isa = PBXFileReference; fileEncoding = 4; lastKnownFileType = file.xib; path = ListPhotosViewController.xib; sourceTree = "<group>"; };
		E7A0E64F25073FB8003B2040 /* AlbumOptionsCell.swift */ = {isa = PBXFileReference; fileEncoding = 4; lastKnownFileType = sourcecode.swift; path = AlbumOptionsCell.swift; sourceTree = "<group>"; };
		E7A0E65025073FB8003B2040 /* ListPhotosViewController.swift */ = {isa = PBXFileReference; fileEncoding = 4; lastKnownFileType = sourcecode.swift; path = ListPhotosViewController.swift; sourceTree = "<group>"; };
		E7A0E65125073FB8003B2040 /* AlbumOptionsCell.xib */ = {isa = PBXFileReference; fileEncoding = 4; lastKnownFileType = file.xib; path = AlbumOptionsCell.xib; sourceTree = "<group>"; };
		E7A0E65225073FB8003B2040 /* PhotoCollectionViewCell.swift */ = {isa = PBXFileReference; fileEncoding = 4; lastKnownFileType = sourcecode.swift; path = PhotoCollectionViewCell.swift; sourceTree = "<group>"; };
		E7A0E65925077817003B2040 /* OrderProductModel.swift */ = {isa = PBXFileReference; lastKnownFileType = sourcecode.swift; path = OrderProductModel.swift; sourceTree = "<group>"; };
		E7A0E65B2507C6BE003B2040 /* OrderInfoViewController.swift */ = {isa = PBXFileReference; lastKnownFileType = sourcecode.swift; path = OrderInfoViewController.swift; sourceTree = "<group>"; };
		E7A0E65C2507C6BE003B2040 /* OrderInfoViewController.xib */ = {isa = PBXFileReference; lastKnownFileType = file.xib; path = OrderInfoViewController.xib; sourceTree = "<group>"; };
		E7B2F28D2500943E00F1F26A /* MainViewController.swift */ = {isa = PBXFileReference; lastKnownFileType = sourcecode.swift; path = MainViewController.swift; sourceTree = "<group>"; };
		E7B2F28F2500948200F1F26A /* Tools.swift */ = {isa = PBXFileReference; fileEncoding = 4; lastKnownFileType = sourcecode.swift; path = Tools.swift; sourceTree = "<group>"; };
		E7B2F292250094A000F1F26A /* BottomLineTextFiled.swift */ = {isa = PBXFileReference; fileEncoding = 4; lastKnownFileType = sourcecode.swift; path = BottomLineTextFiled.swift; sourceTree = "<group>"; };
		E7B2F293250094A000F1F26A /* CustomTextViewPlaceHolder.swift */ = {isa = PBXFileReference; fileEncoding = 4; lastKnownFileType = sourcecode.swift; path = CustomTextViewPlaceHolder.swift; sourceTree = "<group>"; };
		E7B2F294250094A000F1F26A /* BottomAlignLabel.swift */ = {isa = PBXFileReference; fileEncoding = 4; lastKnownFileType = sourcecode.swift; path = BottomAlignLabel.swift; sourceTree = "<group>"; };
		E7B2F295250094A000F1F26A /* NVTProgressHUD.swift */ = {isa = PBXFileReference; fileEncoding = 4; lastKnownFileType = sourcecode.swift; path = NVTProgressHUD.swift; sourceTree = "<group>"; };
		E7B2F29A2500950A00F1F26A /* LoginViewController.swift */ = {isa = PBXFileReference; lastKnownFileType = sourcecode.swift; path = LoginViewController.swift; sourceTree = "<group>"; };
		E7B2F29B2500950A00F1F26A /* LoginViewController.xib */ = {isa = PBXFileReference; lastKnownFileType = file.xib; path = LoginViewController.xib; sourceTree = "<group>"; };
		E7C012FB2519FEFC00E8FD8B /* InfomationViewController.swift */ = {isa = PBXFileReference; lastKnownFileType = sourcecode.swift; path = InfomationViewController.swift; sourceTree = "<group>"; };
		E7C012FE251A162000E8FD8B /* InformationModel.swift */ = {isa = PBXFileReference; lastKnownFileType = sourcecode.swift; path = InformationModel.swift; sourceTree = "<group>"; };
		E7C01301251A1C5800E8FD8B /* InfomationCollectionCell.swift */ = {isa = PBXFileReference; lastKnownFileType = sourcecode.swift; path = InfomationCollectionCell.swift; sourceTree = "<group>"; };
		E7C01302251A1C5800E8FD8B /* InfomationCollectionCell.xib */ = {isa = PBXFileReference; lastKnownFileType = file.xib; path = InfomationCollectionCell.xib; sourceTree = "<group>"; };
		E7C316D1250878F3007F712B /* PaymenterTableCell.swift */ = {isa = PBXFileReference; lastKnownFileType = sourcecode.swift; path = PaymenterTableCell.swift; sourceTree = "<group>"; };
		E7C316D2250878F3007F712B /* PaymenterTableCell.xib */ = {isa = PBXFileReference; lastKnownFileType = file.xib; path = PaymenterTableCell.xib; sourceTree = "<group>"; };
		E7C316D525087B1B007F712B /* CheckOrderTableCell.swift */ = {isa = PBXFileReference; lastKnownFileType = sourcecode.swift; path = CheckOrderTableCell.swift; sourceTree = "<group>"; };
		E7C316D625087B1B007F712B /* CheckOrderTableCell.xib */ = {isa = PBXFileReference; lastKnownFileType = file.xib; path = CheckOrderTableCell.xib; sourceTree = "<group>"; };
		E7C316DA2508D7CB007F712B /* ChooseCityViewController.swift */ = {isa = PBXFileReference; lastKnownFileType = sourcecode.swift; path = ChooseCityViewController.swift; sourceTree = "<group>"; };
		E7C316DB2508D7CB007F712B /* ChooseCityViewController.xib */ = {isa = PBXFileReference; lastKnownFileType = file.xib; path = ChooseCityViewController.xib; sourceTree = "<group>"; };
		E7C316DE2508D891007F712B /* ShowTitleTableCell.swift */ = {isa = PBXFileReference; lastKnownFileType = sourcecode.swift; path = ShowTitleTableCell.swift; sourceTree = "<group>"; };
		E7C316DF2508D891007F712B /* ShowTitleTableCell.xib */ = {isa = PBXFileReference; lastKnownFileType = file.xib; path = ShowTitleTableCell.xib; sourceTree = "<group>"; };
		E7D5E45C25185E32004CF16A /* AccountHeaderView.swift */ = {isa = PBXFileReference; lastKnownFileType = sourcecode.swift; path = AccountHeaderView.swift; sourceTree = "<group>"; };
		E7D5E45F25185E3B004CF16A /* AccountHeaderView.xib */ = {isa = PBXFileReference; lastKnownFileType = file.xib; path = AccountHeaderView.xib; sourceTree = "<group>"; };
		E7D5E46225189496004CF16A /* ChangeAddressViewController.swift */ = {isa = PBXFileReference; lastKnownFileType = sourcecode.swift; path = ChangeAddressViewController.swift; sourceTree = "<group>"; };
		E7D5E46325189496004CF16A /* ChangeAddressViewController.xib */ = {isa = PBXFileReference; lastKnownFileType = file.xib; path = ChangeAddressViewController.xib; sourceTree = "<group>"; };
		E7D91335252B14B40096D0B7 /* ListInfomationTableCell.swift */ = {isa = PBXFileReference; lastKnownFileType = sourcecode.swift; path = ListInfomationTableCell.swift; sourceTree = "<group>"; };
		E7D91336252B14B40096D0B7 /* ListInfomationTableCell.xib */ = {isa = PBXFileReference; lastKnownFileType = file.xib; path = ListInfomationTableCell.xib; sourceTree = "<group>"; };
		E7D9133B252B2FD40096D0B7 /* OrderStatusOptionViewController.swift */ = {isa = PBXFileReference; lastKnownFileType = sourcecode.swift; path = OrderStatusOptionViewController.swift; sourceTree = "<group>"; };
		E7D9133C252B2FD40096D0B7 /* OrderStatusOptionViewController.xib */ = {isa = PBXFileReference; lastKnownFileType = file.xib; path = OrderStatusOptionViewController.xib; sourceTree = "<group>"; };
		E7F05EDC2518A75500A5352B /* ReceiverInfoTableCell.swift */ = {isa = PBXFileReference; lastKnownFileType = sourcecode.swift; path = ReceiverInfoTableCell.swift; sourceTree = "<group>"; };
		E7F05EDD2518A75500A5352B /* ReceiverInfoTableCell.xib */ = {isa = PBXFileReference; lastKnownFileType = file.xib; path = ReceiverInfoTableCell.xib; sourceTree = "<group>"; };
		E7F05EE12518A86800A5352B /* AccountReceiverTableCell.swift */ = {isa = PBXFileReference; lastKnownFileType = sourcecode.swift; path = AccountReceiverTableCell.swift; sourceTree = "<group>"; };
		E7F05EE22518A86800A5352B /* AccountReceiverTableCell.xib */ = {isa = PBXFileReference; lastKnownFileType = file.xib; path = AccountReceiverTableCell.xib; sourceTree = "<group>"; };
		E7F05EE62518CF5E00A5352B /* BankInfoModel.swift */ = {isa = PBXFileReference; lastKnownFileType = sourcecode.swift; path = BankInfoModel.swift; sourceTree = "<group>"; };
/* End PBXFileReference section */

/* Begin PBXFrameworksBuildPhase section */
		E77F7C2625008CAC001A7B7A /* Frameworks */ = {
			isa = PBXFrameworksBuildPhase;
			buildActionMask = 2147483647;
			files = (
				5F984162B46F33AFB79BF79E /* Pods_OrderSpeed.framework in Frameworks */,
			);
			runOnlyForDeploymentPostprocessing = 0;
		};
/* End PBXFrameworksBuildPhase section */

/* Begin PBXGroup section */
		0584B55AFE91B02AA817D0F5 /* Frameworks */ = {
			isa = PBXGroup;
			children = (
				D00A6F730AF2500B9AA8D809 /* Pods_OrderSpeed.framework */,
			);
			name = Frameworks;
			sourceTree = "<group>";
		};
		2F96F54324805F3B075E2E0F /* Pods */ = {
			isa = PBXGroup;
			children = (
				2B4E04DC330A5BCF51771412 /* Pods-OrderSpeed.debug.xcconfig */,
				0E050E48136843A81E87EBF4 /* Pods-OrderSpeed.release.xcconfig */,
			);
			path = Pods;
			sourceTree = "<group>";
		};
		E737F31B2525C952002B0357 /* NotificationVC */ = {
			isa = PBXGroup;
			children = (
				E737F31C2525C978002B0357 /* NotificationViewController.swift */,
				E737F31D2525C978002B0357 /* NotificationViewController.xib */,
			);
			path = NotificationVC;
			sourceTree = "<group>";
		};
		E748BA7A2503CA6100612050 /* View */ = {
			isa = PBXGroup;
			children = (
				E77830702501DDFA0005D59C /* HomeHeaderView.swift */,
				E77830722501DE030005D59C /* HomeHeaderView.xib */,
				E748BA852503D37A00612050 /* HomeHeaderSectionView.swift */,
				E748BA872503D38300612050 /* HomeHeaderSectionView.xib */,
				E78A54652514B5B1009351FC /* StatusOrderHeaderView.swift */,
				E78A54672514B5BA009351FC /* StatusOrderHeaderView.xib */,
				E78A546D2514D275009351FC /* DetailOrderStatusSectionView.swift */,
				E78A546F2514D27F009351FC /* DetailOrderStatusSectionView.xib */,
				E76EF6632515CD240052474F /* RequestSupportHeaderView.swift */,
				E76EF6652515CD300052474F /* RequestSupportHeaderView.xib */,
				E7D5E45C25185E32004CF16A /* AccountHeaderView.swift */,
				E7D5E45F25185E3B004CF16A /* AccountHeaderView.xib */,
				E774E0B425243ACE00CE49B3 /* ToastView.swift */,
			);
			path = View;
			sourceTree = "<group>";
		};
		E748BA7C2503CA7C00612050 /* Cell */ = {
			isa = PBXGroup;
			children = (
				E748BA7D2503CAC500612050 /* SupportMainCell.swift */,
				E748BA7E2503CAC500612050 /* SupportMainCell.xib */,
				E748BA812503CCBA00612050 /* SupportCollectionCell.swift */,
				E748BA822503CCBA00612050 /* SupportCollectionCell.xib */,
				E77830752501E0E10005D59C /* SupportTableViewCell.swift */,
				E77830762501E0E10005D59C /* SupportTableViewCell.xib */,
				E7783079250225200005D59C /* HomeOptionCollectionViewCell.swift */,
				E778307A250225200005D59C /* HomeOptionCollectionViewCell.xib */,
				E7783082250241F60005D59C /* NEWSTableViewCell.swift */,
				E7783083250241F60005D59C /* NEWSTableViewCell.xib */,
				E77830862503BC460005D59C /* BankInfoTableViewCell.swift */,
				E77830872503BC460005D59C /* BankInfoTableViewCell.xib */,
				E748BA892503DF4600612050 /* CreateOrderTableViewCell.swift */,
				E748BA8A2503DF4600612050 /* CreateOrderTableViewCell.xib */,
				E7A0E63A25073501003B2040 /* ImageProductCollectionViewCell.swift */,
				E7A0E63B25073501003B2040 /* ImageProductCollectionViewCell.xib */,
				E7C316D1250878F3007F712B /* PaymenterTableCell.swift */,
				E7C316D2250878F3007F712B /* PaymenterTableCell.xib */,
				E7C316D525087B1B007F712B /* CheckOrderTableCell.swift */,
				E7C316D625087B1B007F712B /* CheckOrderTableCell.xib */,
				E7C316DE2508D891007F712B /* ShowTitleTableCell.swift */,
				E7C316DF2508D891007F712B /* ShowTitleTableCell.xib */,
				E76B20B2251201950041EB20 /* ManagerOrderTableCell.swift */,
				E76B20B3251201950041EB20 /* ManagerOrderTableCell.xib */,
				E78A54692514C1A8009351FC /* OrderStatusTableCell.swift */,
				E78A546A2514C1A8009351FC /* OrderStatusTableCell.xib */,
				E7F05EDC2518A75500A5352B /* ReceiverInfoTableCell.swift */,
				E7F05EDD2518A75500A5352B /* ReceiverInfoTableCell.xib */,
				E7F05EE12518A86800A5352B /* AccountReceiverTableCell.swift */,
				E7F05EE22518A86800A5352B /* AccountReceiverTableCell.xib */,
				E7C01301251A1C5800E8FD8B /* InfomationCollectionCell.swift */,
				E7C01302251A1C5800E8FD8B /* InfomationCollectionCell.xib */,
				E737F3222525CCD1002B0357 /* NotificationTableCell.swift */,
				E737F3232525CCD1002B0357 /* NotificationTableCell.xib */,
				E7D91335252B14B40096D0B7 /* ListInfomationTableCell.swift */,
				E7D91336252B14B40096D0B7 /* ListInfomationTableCell.xib */,
			);
			path = Cell;
			sourceTree = "<group>";
		};
		E748BA942503E0C300612050 /* CreateOrderVC */ = {
			isa = PBXGroup;
			children = (
				E748BA902503E0BE00612050 /* CreateOrderViewController.swift */,
				E748BA912503E0BE00612050 /* CreateOrderViewController.xib */,
				E7A0E65B2507C6BE003B2040 /* OrderInfoViewController.swift */,
				E7A0E65C2507C6BE003B2040 /* OrderInfoViewController.xib */,
				E76B20A02511C0C50041EB20 /* EditOrderViewController.swift */,
				E76B20A12511C0C50041EB20 /* EditOrderViewController.xib */,
			);
			path = CreateOrderVC;
			sourceTree = "<group>";
		};
		E75693DD2500E7510017BA48 /* RegisterVC */ = {
			isa = PBXGroup;
			children = (
				E75693DE2500E7670017BA48 /* RegisterViewController.swift */,
				E75693DF2500E7670017BA48 /* RegisterViewController.xib */,
			);
			path = RegisterVC;
			sourceTree = "<group>";
		};
		E75693E42501293F0017BA48 /* Model */ = {
			isa = PBXGroup;
			children = (
				E75693E22501293B0017BA48 /* User.swift */,
				E7A0E65925077817003B2040 /* OrderProductModel.swift */,
				E773FACA2510C7C0003E0EFC /* OrderProductDataModel.swift */,
				E76B20A92511CB190041EB20 /* DeliveryModel.swift */,
				E78A545B2513734C009351FC /* SupportModel.swift */,
				E78A545D2513789F009351FC /* RequestSupportModel.swift */,
				E78A545F25146020009351FC /* OrderStatusModel.swift */,
				E7F05EE62518CF5E00A5352B /* BankInfoModel.swift */,
				E7C012FE251A162000E8FD8B /* InformationModel.swift */,
				E770145D251DDBF6004AB7E3 /* ProductSiteModel.swift */,
				E737F3272525CE6F002B0357 /* NotificationModel.swift */,
			);
			path = Model;
			sourceTree = "<group>";
		};
		E76B20A42511C9E80041EB20 /* ChooseDeliveryVC */ = {
			isa = PBXGroup;
			children = (
				E76B20A52511CA060041EB20 /* ChooseDeliveryViewController.swift */,
				E76B20A62511CA060041EB20 /* ChooseDeliveryViewController.xib */,
			);
			path = ChooseDeliveryVC;
			sourceTree = "<group>";
		};
		E76B20AF251200F00041EB20 /* QLDonHangVC */ = {
			isa = PBXGroup;
			children = (
				E76B20B02512010F0041EB20 /* ManagerOrderViewController.swift */,
				E78A54612514B510009351FC /* StatusOrderViewController.swift */,
				E78A54622514B510009351FC /* StatusOrderViewController.xib */,
				E7D9133B252B2FD40096D0B7 /* OrderStatusOptionViewController.swift */,
				E7D9133C252B2FD40096D0B7 /* OrderStatusOptionViewController.xib */,
			);
			path = QLDonHangVC;
			sourceTree = "<group>";
		};
		E76B20BA25120A7E0041EB20 /* AccountVC */ = {
			isa = PBXGroup;
			children = (
				E76B20BB25120AC00041EB20 /* AccountViewController.swift */,
				E7D5E46225189496004CF16A /* ChangeAddressViewController.swift */,
				E7D5E46325189496004CF16A /* ChangeAddressViewController.xib */,
			);
			path = AccountVC;
			sourceTree = "<group>";
		};
		E778306D2501DABF0005D59C /* HomeVC */ = {
			isa = PBXGroup;
			children = (
				E778306E2501DADF0005D59C /* HomeViewController.swift */,
				E737F37D25270FB2002B0357 /* CustomBrowserViewController.swift */,
				E737F37E25270FB2002B0357 /* CustomBrowserViewController.xib */,
			);
			path = HomeVC;
			sourceTree = "<group>";
		};
		E77830742501E0C10005D59C /* View&Cell */ = {
			isa = PBXGroup;
			children = (
				E748BA7A2503CA6100612050 /* View */,
				E748BA7C2503CA7C00612050 /* Cell */,
			);
			path = "View&Cell";
			sourceTree = "<group>";
		};
		E77830812502351C0005D59C /* CustomAlertVC */ = {
			isa = PBXGroup;
			children = (
				E778307D2502333D0005D59C /* CustomAlertViewController.swift */,
				E778307E2502333D0005D59C /* CustomAlertViewController.xib */,
			);
			path = CustomAlertVC;
			sourceTree = "<group>";
		};
		E77F7C2025008CAC001A7B7A = {
			isa = PBXGroup;
			children = (
				E77F7C2B25008CAC001A7B7A /* OrderSpeed */,
				E77F7C2A25008CAC001A7B7A /* Products */,
				2F96F54324805F3B075E2E0F /* Pods */,
				0584B55AFE91B02AA817D0F5 /* Frameworks */,
			);
			sourceTree = "<group>";
		};
		E77F7C2A25008CAC001A7B7A /* Products */ = {
			isa = PBXGroup;
			children = (
				E77F7C2925008CAC001A7B7A /* OrderSpeed.app */,
			);
			name = Products;
			sourceTree = "<group>";
		};
		E77F7C2B25008CAC001A7B7A /* OrderSpeed */ = {
			isa = PBXGroup;
			children = (
				E7899C4E252423B300B723BA /* OrderSpeed.entitlements */,
				E77830742501E0C10005D59C /* View&Cell */,
				E7A0E63E25073F8B003B2040 /* ViewController */,
				E75693E42501293F0017BA48 /* Model */,
				E7B2F291250094A000F1F26A /* NVTCustomView */,
				E7B2F28F2500948200F1F26A /* Tools.swift */,
				E77F7C2C25008CAC001A7B7A /* AppDelegate.swift */,
				E77F7C2E25008CAC001A7B7A /* SceneDelegate.swift */,
				E77F7C3425008CAC001A7B7A /* Main.storyboard */,
				E77F7C3A25008CB1001A7B7A /* Assets.xcassets */,
				E77F7C3C25008CB1001A7B7A /* LaunchScreen.storyboard */,
				E75693DB2500DB7C0017BA48 /* GoogleService-Info.plist */,
				E77F7C3F25008CB1001A7B7A /* Info.plist */,
				E77F7C3725008CAC001A7B7A /* OrderSpeed.xcdatamodeld */,
			);
			path = OrderSpeed;
			sourceTree = "<group>";
		};
		E78A545625136B52009351FC /* YeuCauHoTroVC */ = {
			isa = PBXGroup;
			children = (
				E78A545725136B64009351FC /* RequestSupportViewController.swift */,
				E78A545825136B64009351FC /* RequestSupportViewController.xib */,
			);
			path = YeuCauHoTroVC;
			sourceTree = "<group>";
		};
		E7A0E63E25073F8B003B2040 /* ViewController */ = {
			isa = PBXGroup;
			children = (
				E7B2F28D2500943E00F1F26A /* MainViewController.swift */,
				E737F31B2525C952002B0357 /* NotificationVC */,
				E7C012FA2519FED800E8FD8B /* InfomationVC */,
				E78A545625136B52009351FC /* YeuCauHoTroVC */,
				E76B20AF251200F00041EB20 /* QLDonHangVC */,
				E76B20A42511C9E80041EB20 /* ChooseDeliveryVC */,
				E7C316D92508D782007F712B /* ChooseCityVC */,
				E7A0E64C25073FB8003B2040 /* PhotoVC */,
				E77830812502351C0005D59C /* CustomAlertVC */,
				E778306D2501DABF0005D59C /* HomeVC */,
				E75693DD2500E7510017BA48 /* RegisterVC */,
				E7B2F28C2500940F00F1F26A /* LoginVC */,
				E748BA942503E0C300612050 /* CreateOrderVC */,
				E76B20BA25120A7E0041EB20 /* AccountVC */,
			);
			path = ViewController;
			sourceTree = "<group>";
		};
		E7A0E64C25073FB8003B2040 /* PhotoVC */ = {
			isa = PBXGroup;
			children = (
				E7A0E65025073FB8003B2040 /* ListPhotosViewController.swift */,
				E7A0E64E25073FB8003B2040 /* ListPhotosViewController.xib */,
				E7A0E64F25073FB8003B2040 /* AlbumOptionsCell.swift */,
				E7A0E65125073FB8003B2040 /* AlbumOptionsCell.xib */,
				E7A0E65225073FB8003B2040 /* PhotoCollectionViewCell.swift */,
				E7A0E64D25073FB8003B2040 /* PhotoCollectionViewCell.xib */,
			);
			path = PhotoVC;
			sourceTree = "<group>";
		};
		E7B2F28C2500940F00F1F26A /* LoginVC */ = {
			isa = PBXGroup;
			children = (
				E7B2F29A2500950A00F1F26A /* LoginViewController.swift */,
				E7B2F29B2500950A00F1F26A /* LoginViewController.xib */,
			);
			path = LoginVC;
			sourceTree = "<group>";
		};
		E7B2F291250094A000F1F26A /* NVTCustomView */ = {
			isa = PBXGroup;
			children = (
				E7B2F292250094A000F1F26A /* BottomLineTextFiled.swift */,
				E7B2F293250094A000F1F26A /* CustomTextViewPlaceHolder.swift */,
				E7B2F294250094A000F1F26A /* BottomAlignLabel.swift */,
				E7B2F295250094A000F1F26A /* NVTProgressHUD.swift */,
			);
			path = NVTCustomView;
			sourceTree = "<group>";
		};
		E7C012FA2519FED800E8FD8B /* InfomationVC */ = {
			isa = PBXGroup;
			children = (
				E7C012FB2519FEFC00E8FD8B /* InfomationViewController.swift */,
				E7701458251C4FCF004AB7E3 /* DetailInfomationViewController.swift */,
				E7701459251C4FCF004AB7E3 /* DetailInfomationViewController.xib */,
				E737F31625258F5A002B0357 /* ListInfomationViewController.swift */,
				E737F31725258F5A002B0357 /* ListInfomationViewController.xib */,
			);
			path = InfomationVC;
			sourceTree = "<group>";
		};
		E7C316D92508D782007F712B /* ChooseCityVC */ = {
			isa = PBXGroup;
			children = (
				E7C316DA2508D7CB007F712B /* ChooseCityViewController.swift */,
				E7C316DB2508D7CB007F712B /* ChooseCityViewController.xib */,
			);
			name = ChooseCityVC;
			sourceTree = "<group>";
		};
/* End PBXGroup section */

/* Begin PBXNativeTarget section */
		E77F7C2825008CAC001A7B7A /* OrderSpeed */ = {
			isa = PBXNativeTarget;
			buildConfigurationList = E77F7C4225008CB1001A7B7A /* Build configuration list for PBXNativeTarget "OrderSpeed" */;
			buildPhases = (
				3C872546AABC62E65752F3AA /* [CP] Check Pods Manifest.lock */,
				E77F7C2525008CAC001A7B7A /* Sources */,
				E77F7C2625008CAC001A7B7A /* Frameworks */,
				E77F7C2725008CAC001A7B7A /* Resources */,
				EDC8B763B43E4270161236C6 /* [CP] Embed Pods Frameworks */,
				626161226452C9FE9AF93272 /* [CP] Copy Pods Resources */,
			);
			buildRules = (
			);
			dependencies = (
			);
			name = OrderSpeed;
			productName = OrderSpeed;
			productReference = E77F7C2925008CAC001A7B7A /* OrderSpeed.app */;
			productType = "com.apple.product-type.application";
		};
/* End PBXNativeTarget section */

/* Begin PBXProject section */
		E77F7C2125008CAC001A7B7A /* Project object */ = {
			isa = PBXProject;
			attributes = {
				LastSwiftUpdateCheck = 1170;
				LastUpgradeCheck = 1170;
				ORGANIZATIONNAME = "Nguyen Van Tam";
				TargetAttributes = {
					E77F7C2825008CAC001A7B7A = {
						CreatedOnToolsVersion = 11.7;
					};
				};
			};
			buildConfigurationList = E77F7C2425008CAC001A7B7A /* Build configuration list for PBXProject "OrderSpeed" */;
			compatibilityVersion = "Xcode 9.3";
			developmentRegion = en;
			hasScannedForEncodings = 0;
			knownRegions = (
				en,
				Base,
			);
			mainGroup = E77F7C2025008CAC001A7B7A;
			productRefGroup = E77F7C2A25008CAC001A7B7A /* Products */;
			projectDirPath = "";
			projectRoot = "";
			targets = (
				E77F7C2825008CAC001A7B7A /* OrderSpeed */,
			);
		};
/* End PBXProject section */

/* Begin PBXResourcesBuildPhase section */
		E77F7C2725008CAC001A7B7A /* Resources */ = {
			isa = PBXResourcesBuildPhase;
			buildActionMask = 2147483647;
			files = (
				E748BA8C2503DF4600612050 /* CreateOrderTableViewCell.xib in Resources */,
				E737F3252525CCD1002B0357 /* NotificationTableCell.xib in Resources */,
				E7D5E46025185E3C004CF16A /* AccountHeaderView.xib in Resources */,
				E7A0E65E2507C6BE003B2040 /* OrderInfoViewController.xib in Resources */,
				E77830802502333D0005D59C /* CustomAlertViewController.xib in Resources */,
				E77830892503BC460005D59C /* BankInfoTableViewCell.xib in Resources */,
				E7D9133E252B2FD40096D0B7 /* OrderStatusOptionViewController.xib in Resources */,
				E7C01304251A1C5800E8FD8B /* InfomationCollectionCell.xib in Resources */,
				E778307C250225200005D59C /* HomeOptionCollectionViewCell.xib in Resources */,
				E7D91338252B14B40096D0B7 /* ListInfomationTableCell.xib in Resources */,
				E748BA802503CAC500612050 /* SupportMainCell.xib in Resources */,
				E76B20A82511CA060041EB20 /* ChooseDeliveryViewController.xib in Resources */,
				E7B2F29D2500950A00F1F26A /* LoginViewController.xib in Resources */,
				E748BA842503CCBA00612050 /* SupportCollectionCell.xib in Resources */,
				E77830782501E0E10005D59C /* SupportTableViewCell.xib in Resources */,
				E78A54702514D27F009351FC /* DetailOrderStatusSectionView.xib in Resources */,
				E77F7C3E25008CB1001A7B7A /* LaunchScreen.storyboard in Resources */,
				E75693DC2500DB7C0017BA48 /* GoogleService-Info.plist in Resources */,
				E7C316E12508D891007F712B /* ShowTitleTableCell.xib in Resources */,
				E78A546C2514C1A8009351FC /* OrderStatusTableCell.xib in Resources */,
				E78A54642514B511009351FC /* StatusOrderViewController.xib in Resources */,
				E748BA932503E0BE00612050 /* CreateOrderViewController.xib in Resources */,
				E76B20A32511C0C50041EB20 /* EditOrderViewController.xib in Resources */,
				E7F05EDF2518A75600A5352B /* ReceiverInfoTableCell.xib in Resources */,
				E7D5E46525189496004CF16A /* ChangeAddressViewController.xib in Resources */,
				E77830732501DE030005D59C /* HomeHeaderView.xib in Resources */,
				E737F31F2525C978002B0357 /* NotificationViewController.xib in Resources */,
				E78A54682514B5BA009351FC /* StatusOrderHeaderView.xib in Resources */,
				E7A0E65325073FB8003B2040 /* PhotoCollectionViewCell.xib in Resources */,
				E7A0E65425073FB8003B2040 /* ListPhotosViewController.xib in Resources */,
				E7A0E65725073FB8003B2040 /* AlbumOptionsCell.xib in Resources */,
				E7C316DD2508D7CC007F712B /* ChooseCityViewController.xib in Resources */,
				E737F31925258F5B002B0357 /* ListInfomationViewController.xib in Resources */,
				E7A0E63D25073501003B2040 /* ImageProductCollectionViewCell.xib in Resources */,
				E77F7C3B25008CB1001A7B7A /* Assets.xcassets in Resources */,
				E7783085250241F60005D59C /* NEWSTableViewCell.xib in Resources */,
				E78A545A25136B64009351FC /* RequestSupportViewController.xib in Resources */,
				E7C316D4250878F3007F712B /* PaymenterTableCell.xib in Resources */,
				E7F05EE42518A86800A5352B /* AccountReceiverTableCell.xib in Resources */,
				E7C316D825087B1B007F712B /* CheckOrderTableCell.xib in Resources */,
				E76EF6662515CD300052474F /* RequestSupportHeaderView.xib in Resources */,
				E77F7C3625008CAC001A7B7A /* Main.storyboard in Resources */,
				E76B20B5251201950041EB20 /* ManagerOrderTableCell.xib in Resources */,
				E770145B251C4FCF004AB7E3 /* DetailInfomationViewController.xib in Resources */,
				E748BA882503D38300612050 /* HomeHeaderSectionView.xib in Resources */,
				E737F38025270FB2002B0357 /* CustomBrowserViewController.xib in Resources */,
				E75693E12500E7670017BA48 /* RegisterViewController.xib in Resources */,
			);
			runOnlyForDeploymentPostprocessing = 0;
		};
/* End PBXResourcesBuildPhase section */

/* Begin PBXShellScriptBuildPhase section */
		3C872546AABC62E65752F3AA /* [CP] Check Pods Manifest.lock */ = {
			isa = PBXShellScriptBuildPhase;
			buildActionMask = 2147483647;
			files = (
			);
			inputFileListPaths = (
			);
			inputPaths = (
				"${PODS_PODFILE_DIR_PATH}/Podfile.lock",
				"${PODS_ROOT}/Manifest.lock",
			);
			name = "[CP] Check Pods Manifest.lock";
			outputFileListPaths = (
			);
			outputPaths = (
				"$(DERIVED_FILE_DIR)/Pods-OrderSpeed-checkManifestLockResult.txt",
			);
			runOnlyForDeploymentPostprocessing = 0;
			shellPath = /bin/sh;
			shellScript = "diff \"${PODS_PODFILE_DIR_PATH}/Podfile.lock\" \"${PODS_ROOT}/Manifest.lock\" > /dev/null\nif [ $? != 0 ] ; then\n    # print error to STDERR\n    echo \"error: The sandbox is not in sync with the Podfile.lock. Run 'pod install' or update your CocoaPods installation.\" >&2\n    exit 1\nfi\n# This output is used by Xcode 'outputs' to avoid re-running this script phase.\necho \"SUCCESS\" > \"${SCRIPT_OUTPUT_FILE_0}\"\n";
			showEnvVarsInLog = 0;
		};
		626161226452C9FE9AF93272 /* [CP] Copy Pods Resources */ = {
			isa = PBXShellScriptBuildPhase;
			buildActionMask = 2147483647;
			files = (
			);
			inputFileListPaths = (
				"${PODS_ROOT}/Target Support Files/Pods-OrderSpeed/Pods-OrderSpeed-resources-${CONFIGURATION}-input-files.xcfilelist",
			);
			name = "[CP] Copy Pods Resources";
			outputFileListPaths = (
				"${PODS_ROOT}/Target Support Files/Pods-OrderSpeed/Pods-OrderSpeed-resources-${CONFIGURATION}-output-files.xcfilelist",
			);
			runOnlyForDeploymentPostprocessing = 0;
			shellPath = /bin/sh;
			shellScript = "\"${PODS_ROOT}/Target Support Files/Pods-OrderSpeed/Pods-OrderSpeed-resources.sh\"\n";
			showEnvVarsInLog = 0;
		};
		EDC8B763B43E4270161236C6 /* [CP] Embed Pods Frameworks */ = {
			isa = PBXShellScriptBuildPhase;
			buildActionMask = 2147483647;
			files = (
			);
			inputFileListPaths = (
				"${PODS_ROOT}/Target Support Files/Pods-OrderSpeed/Pods-OrderSpeed-frameworks-${CONFIGURATION}-input-files.xcfilelist",
			);
			name = "[CP] Embed Pods Frameworks";
			outputFileListPaths = (
				"${PODS_ROOT}/Target Support Files/Pods-OrderSpeed/Pods-OrderSpeed-frameworks-${CONFIGURATION}-output-files.xcfilelist",
			);
			runOnlyForDeploymentPostprocessing = 0;
			shellPath = /bin/sh;
			shellScript = "\"${PODS_ROOT}/Target Support Files/Pods-OrderSpeed/Pods-OrderSpeed-frameworks.sh\"\n";
			showEnvVarsInLog = 0;
		};
/* End PBXShellScriptBuildPhase section */

/* Begin PBXSourcesBuildPhase section */
		E77F7C2525008CAC001A7B7A /* Sources */ = {
			isa = PBXSourcesBuildPhase;
			buildActionMask = 2147483647;
			files = (
				E770145E251DDBF6004AB7E3 /* ProductSiteModel.swift in Sources */,
				E7B2F29C2500950A00F1F26A /* LoginViewController.swift in Sources */,
				E7A0E65D2507C6BE003B2040 /* OrderInfoViewController.swift in Sources */,
				E76B20BC25120AC00041EB20 /* AccountViewController.swift in Sources */,
				E773FACB2510C7C0003E0EFC /* OrderProductDataModel.swift in Sources */,
				E737F3242525CCD1002B0357 /* NotificationTableCell.swift in Sources */,
				E7B2F297250094A000F1F26A /* CustomTextViewPlaceHolder.swift in Sources */,
				E77F7C3925008CAC001A7B7A /* OrderSpeed.xcdatamodeld in Sources */,
				E76B20AA2511CB190041EB20 /* DeliveryModel.swift in Sources */,
				E7D91337252B14B40096D0B7 /* ListInfomationTableCell.swift in Sources */,
				E7C01303251A1C5800E8FD8B /* InfomationCollectionCell.swift in Sources */,
				E7A0E65625073FB8003B2040 /* ListPhotosViewController.swift in Sources */,
				E7D5E46425189496004CF16A /* ChangeAddressViewController.swift in Sources */,
				E7B2F299250094A000F1F26A /* NVTProgressHUD.swift in Sources */,
				E7B2F296250094A000F1F26A /* BottomLineTextFiled.swift in Sources */,
				E75693E32501293C0017BA48 /* User.swift in Sources */,
				E7D9133D252B2FD40096D0B7 /* OrderStatusOptionViewController.swift in Sources */,
				E7A0E65A25077817003B2040 /* OrderProductModel.swift in Sources */,
				E7C316D725087B1B007F712B /* CheckOrderTableCell.swift in Sources */,
				E78A54632514B511009351FC /* StatusOrderViewController.swift in Sources */,
				E770145A251C4FCF004AB7E3 /* DetailInfomationViewController.swift in Sources */,
				E7C316DC2508D7CC007F712B /* ChooseCityViewController.swift in Sources */,
				E7C012FF251A162000E8FD8B /* InformationModel.swift in Sources */,
				E737F31825258F5B002B0357 /* ListInfomationViewController.swift in Sources */,
				E7F05EE72518CF5E00A5352B /* BankInfoModel.swift in Sources */,
				E7B2F298250094A000F1F26A /* BottomAlignLabel.swift in Sources */,
				E7B2F28E2500943E00F1F26A /* MainViewController.swift in Sources */,
				E77830882503BC460005D59C /* BankInfoTableViewCell.swift in Sources */,
				E778307F2502333D0005D59C /* CustomAlertViewController.swift in Sources */,
				E748BA8B2503DF4600612050 /* CreateOrderTableViewCell.swift in Sources */,
				E748BA862503D37A00612050 /* HomeHeaderSectionView.swift in Sources */,
				E78A545E2513789F009351FC /* RequestSupportModel.swift in Sources */,
				E748BA832503CCBA00612050 /* SupportCollectionCell.swift in Sources */,
				E7C316D3250878F3007F712B /* PaymenterTableCell.swift in Sources */,
				E7B2F2902500948200F1F26A /* Tools.swift in Sources */,
				E75693E02500E7670017BA48 /* RegisterViewController.swift in Sources */,
				E78A545925136B64009351FC /* RequestSupportViewController.swift in Sources */,
				E77F7C2D25008CAC001A7B7A /* AppDelegate.swift in Sources */,
				E78A546025146020009351FC /* OrderStatusModel.swift in Sources */,
				E7783084250241F60005D59C /* NEWSTableViewCell.swift in Sources */,
				E76B20B4251201950041EB20 /* ManagerOrderTableCell.swift in Sources */,
				E7A0E63C25073501003B2040 /* ImageProductCollectionViewCell.swift in Sources */,
				E7F05EDE2518A75500A5352B /* ReceiverInfoTableCell.swift in Sources */,
				E778306F2501DADF0005D59C /* HomeViewController.swift in Sources */,
				E76EF6642515CD240052474F /* RequestSupportHeaderView.swift in Sources */,
				E78A546B2514C1A8009351FC /* OrderStatusTableCell.swift in Sources */,
				E78A545C2513734C009351FC /* SupportModel.swift in Sources */,
				E77830712501DDFA0005D59C /* HomeHeaderView.swift in Sources */,
				E737F37F25270FB2002B0357 /* CustomBrowserViewController.swift in Sources */,
				E7C316E02508D891007F712B /* ShowTitleTableCell.swift in Sources */,
				E7A0E65525073FB8003B2040 /* AlbumOptionsCell.swift in Sources */,
				E737F3282525CE6F002B0357 /* NotificationModel.swift in Sources */,
				E76B20A22511C0C50041EB20 /* EditOrderViewController.swift in Sources */,
				E77830772501E0E10005D59C /* SupportTableViewCell.swift in Sources */,
				E7C012FC2519FEFC00E8FD8B /* InfomationViewController.swift in Sources */,
				E778307B250225200005D59C /* HomeOptionCollectionViewCell.swift in Sources */,
				E76B20B1251201100041EB20 /* ManagerOrderViewController.swift in Sources */,
				E78A54662514B5B1009351FC /* StatusOrderHeaderView.swift in Sources */,
				E76B20A72511CA060041EB20 /* ChooseDeliveryViewController.swift in Sources */,
				E7F05EE32518A86800A5352B /* AccountReceiverTableCell.swift in Sources */,
				E774E0B525243ACE00CE49B3 /* ToastView.swift in Sources */,
				E748BA7F2503CAC500612050 /* SupportMainCell.swift in Sources */,
				E7A0E65825073FB8003B2040 /* PhotoCollectionViewCell.swift in Sources */,
				E77F7C2F25008CAC001A7B7A /* SceneDelegate.swift in Sources */,
				E737F31E2525C978002B0357 /* NotificationViewController.swift in Sources */,
				E78A546E2514D275009351FC /* DetailOrderStatusSectionView.swift in Sources */,
				E748BA922503E0BE00612050 /* CreateOrderViewController.swift in Sources */,
				E7D5E45D25185E32004CF16A /* AccountHeaderView.swift in Sources */,
			);
			runOnlyForDeploymentPostprocessing = 0;
		};
/* End PBXSourcesBuildPhase section */

/* Begin PBXVariantGroup section */
		E77F7C3425008CAC001A7B7A /* Main.storyboard */ = {
			isa = PBXVariantGroup;
			children = (
				E77F7C3525008CAC001A7B7A /* Base */,
			);
			name = Main.storyboard;
			sourceTree = "<group>";
		};
		E77F7C3C25008CB1001A7B7A /* LaunchScreen.storyboard */ = {
			isa = PBXVariantGroup;
			children = (
				E77F7C3D25008CB1001A7B7A /* Base */,
			);
			name = LaunchScreen.storyboard;
			sourceTree = "<group>";
		};
/* End PBXVariantGroup section */

/* Begin XCBuildConfiguration section */
		E77F7C4025008CB1001A7B7A /* Debug */ = {
			isa = XCBuildConfiguration;
			buildSettings = {
				ALWAYS_SEARCH_USER_PATHS = NO;
				CLANG_ANALYZER_NONNULL = YES;
				CLANG_ANALYZER_NUMBER_OBJECT_CONVERSION = YES_AGGRESSIVE;
				CLANG_CXX_LANGUAGE_STANDARD = "gnu++14";
				CLANG_CXX_LIBRARY = "libc++";
				CLANG_ENABLE_MODULES = YES;
				CLANG_ENABLE_OBJC_ARC = YES;
				CLANG_ENABLE_OBJC_WEAK = YES;
				CLANG_WARN_BLOCK_CAPTURE_AUTORELEASING = YES;
				CLANG_WARN_BOOL_CONVERSION = YES;
				CLANG_WARN_COMMA = YES;
				CLANG_WARN_CONSTANT_CONVERSION = YES;
				CLANG_WARN_DEPRECATED_OBJC_IMPLEMENTATIONS = YES;
				CLANG_WARN_DIRECT_OBJC_ISA_USAGE = YES_ERROR;
				CLANG_WARN_DOCUMENTATION_COMMENTS = YES;
				CLANG_WARN_EMPTY_BODY = YES;
				CLANG_WARN_ENUM_CONVERSION = YES;
				CLANG_WARN_INFINITE_RECURSION = YES;
				CLANG_WARN_INT_CONVERSION = YES;
				CLANG_WARN_NON_LITERAL_NULL_CONVERSION = YES;
				CLANG_WARN_OBJC_IMPLICIT_RETAIN_SELF = YES;
				CLANG_WARN_OBJC_LITERAL_CONVERSION = YES;
				CLANG_WARN_OBJC_ROOT_CLASS = YES_ERROR;
				CLANG_WARN_RANGE_LOOP_ANALYSIS = YES;
				CLANG_WARN_STRICT_PROTOTYPES = YES;
				CLANG_WARN_SUSPICIOUS_MOVE = YES;
				CLANG_WARN_UNGUARDED_AVAILABILITY = YES_AGGRESSIVE;
				CLANG_WARN_UNREACHABLE_CODE = YES;
				CLANG_WARN__DUPLICATE_METHOD_MATCH = YES;
				COPY_PHASE_STRIP = NO;
				DEBUG_INFORMATION_FORMAT = dwarf;
				ENABLE_STRICT_OBJC_MSGSEND = YES;
				ENABLE_TESTABILITY = YES;
				GCC_C_LANGUAGE_STANDARD = gnu11;
				GCC_DYNAMIC_NO_PIC = NO;
				GCC_NO_COMMON_BLOCKS = YES;
				GCC_OPTIMIZATION_LEVEL = 0;
				GCC_PREPROCESSOR_DEFINITIONS = (
					"DEBUG=1",
					"$(inherited)",
				);
				GCC_WARN_64_TO_32_BIT_CONVERSION = YES;
				GCC_WARN_ABOUT_RETURN_TYPE = YES_ERROR;
				GCC_WARN_UNDECLARED_SELECTOR = YES;
				GCC_WARN_UNINITIALIZED_AUTOS = YES_AGGRESSIVE;
				GCC_WARN_UNUSED_FUNCTION = YES;
				GCC_WARN_UNUSED_VARIABLE = YES;
				IPHONEOS_DEPLOYMENT_TARGET = 13.7;
				MTL_ENABLE_DEBUG_INFO = INCLUDE_SOURCE;
				MTL_FAST_MATH = YES;
				ONLY_ACTIVE_ARCH = YES;
				SDKROOT = iphoneos;
				SWIFT_ACTIVE_COMPILATION_CONDITIONS = DEBUG;
				SWIFT_OPTIMIZATION_LEVEL = "-Onone";
			};
			name = Debug;
		};
		E77F7C4125008CB1001A7B7A /* Release */ = {
			isa = XCBuildConfiguration;
			buildSettings = {
				ALWAYS_SEARCH_USER_PATHS = NO;
				CLANG_ANALYZER_NONNULL = YES;
				CLANG_ANALYZER_NUMBER_OBJECT_CONVERSION = YES_AGGRESSIVE;
				CLANG_CXX_LANGUAGE_STANDARD = "gnu++14";
				CLANG_CXX_LIBRARY = "libc++";
				CLANG_ENABLE_MODULES = YES;
				CLANG_ENABLE_OBJC_ARC = YES;
				CLANG_ENABLE_OBJC_WEAK = YES;
				CLANG_WARN_BLOCK_CAPTURE_AUTORELEASING = YES;
				CLANG_WARN_BOOL_CONVERSION = YES;
				CLANG_WARN_COMMA = YES;
				CLANG_WARN_CONSTANT_CONVERSION = YES;
				CLANG_WARN_DEPRECATED_OBJC_IMPLEMENTATIONS = YES;
				CLANG_WARN_DIRECT_OBJC_ISA_USAGE = YES_ERROR;
				CLANG_WARN_DOCUMENTATION_COMMENTS = YES;
				CLANG_WARN_EMPTY_BODY = YES;
				CLANG_WARN_ENUM_CONVERSION = YES;
				CLANG_WARN_INFINITE_RECURSION = YES;
				CLANG_WARN_INT_CONVERSION = YES;
				CLANG_WARN_NON_LITERAL_NULL_CONVERSION = YES;
				CLANG_WARN_OBJC_IMPLICIT_RETAIN_SELF = YES;
				CLANG_WARN_OBJC_LITERAL_CONVERSION = YES;
				CLANG_WARN_OBJC_ROOT_CLASS = YES_ERROR;
				CLANG_WARN_RANGE_LOOP_ANALYSIS = YES;
				CLANG_WARN_STRICT_PROTOTYPES = YES;
				CLANG_WARN_SUSPICIOUS_MOVE = YES;
				CLANG_WARN_UNGUARDED_AVAILABILITY = YES_AGGRESSIVE;
				CLANG_WARN_UNREACHABLE_CODE = YES;
				CLANG_WARN__DUPLICATE_METHOD_MATCH = YES;
				COPY_PHASE_STRIP = NO;
				DEBUG_INFORMATION_FORMAT = "dwarf-with-dsym";
				ENABLE_NS_ASSERTIONS = NO;
				ENABLE_STRICT_OBJC_MSGSEND = YES;
				GCC_C_LANGUAGE_STANDARD = gnu11;
				GCC_NO_COMMON_BLOCKS = YES;
				GCC_WARN_64_TO_32_BIT_CONVERSION = YES;
				GCC_WARN_ABOUT_RETURN_TYPE = YES_ERROR;
				GCC_WARN_UNDECLARED_SELECTOR = YES;
				GCC_WARN_UNINITIALIZED_AUTOS = YES_AGGRESSIVE;
				GCC_WARN_UNUSED_FUNCTION = YES;
				GCC_WARN_UNUSED_VARIABLE = YES;
				IPHONEOS_DEPLOYMENT_TARGET = 13.7;
				MTL_ENABLE_DEBUG_INFO = NO;
				MTL_FAST_MATH = YES;
				SDKROOT = iphoneos;
				SWIFT_COMPILATION_MODE = wholemodule;
				SWIFT_OPTIMIZATION_LEVEL = "-O";
				VALIDATE_PRODUCT = YES;
			};
			name = Release;
		};
		E77F7C4325008CB1001A7B7A /* Debug */ = {
			isa = XCBuildConfiguration;
			baseConfigurationReference = 2B4E04DC330A5BCF51771412 /* Pods-OrderSpeed.debug.xcconfig */;
			buildSettings = {
				ASSETCATALOG_COMPILER_APPICON_NAME = AppIcon;
				CODE_SIGN_ENTITLEMENTS = OrderSpeed/OrderSpeed.entitlements;
				CODE_SIGN_STYLE = Automatic;
				CURRENT_PROJECT_VERSION = 8;
				DEVELOPMENT_TEAM = 7JA5TPJ68M;
				INFOPLIST_FILE = OrderSpeed/Info.plist;
				IPHONEOS_DEPLOYMENT_TARGET = 9.0;
				LD_RUNPATH_SEARCH_PATHS = (
					"$(inherited)",
					"@executable_path/Frameworks",
				);
				PRODUCT_BUNDLE_IDENTIFIER = com.beerteam.OrderSpeed;
				PRODUCT_NAME = "$(TARGET_NAME)";
				SWIFT_VERSION = 5.0;
				TARGETED_DEVICE_FAMILY = 1;
			};
			name = Debug;
		};
		E77F7C4425008CB1001A7B7A /* Release */ = {
			isa = XCBuildConfiguration;
			baseConfigurationReference = 0E050E48136843A81E87EBF4 /* Pods-OrderSpeed.release.xcconfig */;
			buildSettings = {
				ASSETCATALOG_COMPILER_APPICON_NAME = AppIcon;
				CODE_SIGN_ENTITLEMENTS = OrderSpeed/OrderSpeed.entitlements;
				CODE_SIGN_STYLE = Automatic;
				CURRENT_PROJECT_VERSION = 8;
				DEVELOPMENT_TEAM = 7JA5TPJ68M;
				INFOPLIST_FILE = OrderSpeed/Info.plist;
				IPHONEOS_DEPLOYMENT_TARGET = 9.0;
				LD_RUNPATH_SEARCH_PATHS = (
					"$(inherited)",
					"@executable_path/Frameworks",
				);
				PRODUCT_BUNDLE_IDENTIFIER = com.beerteam.OrderSpeed;
				PRODUCT_NAME = "$(TARGET_NAME)";
				SWIFT_VERSION = 5.0;
				TARGETED_DEVICE_FAMILY = 1;
			};
			name = Release;
		};
/* End XCBuildConfiguration section */

/* Begin XCConfigurationList section */
		E77F7C2425008CAC001A7B7A /* Build configuration list for PBXProject "OrderSpeed" */ = {
			isa = XCConfigurationList;
			buildConfigurations = (
				E77F7C4025008CB1001A7B7A /* Debug */,
				E77F7C4125008CB1001A7B7A /* Release */,
			);
			defaultConfigurationIsVisible = 0;
			defaultConfigurationName = Release;
		};
		E77F7C4225008CB1001A7B7A /* Build configuration list for PBXNativeTarget "OrderSpeed" */ = {
			isa = XCConfigurationList;
			buildConfigurations = (
				E77F7C4325008CB1001A7B7A /* Debug */,
				E77F7C4425008CB1001A7B7A /* Release */,
			);
			defaultConfigurationIsVisible = 0;
			defaultConfigurationName = Release;
		};
/* End XCConfigurationList section */

/* Begin XCVersionGroup section */
		E77F7C3725008CAC001A7B7A /* OrderSpeed.xcdatamodeld */ = {
			isa = XCVersionGroup;
			children = (
				E77F7C3825008CAC001A7B7A /* OrderSpeed.xcdatamodel */,
			);
			currentVersion = E77F7C3825008CAC001A7B7A /* OrderSpeed.xcdatamodel */;
			path = OrderSpeed.xcdatamodeld;
			sourceTree = "<group>";
			versionGroupType = wrapper.xcdatamodel;
		};
/* End XCVersionGroup section */
	};
	rootObject = E77F7C2125008CAC001A7B7A /* Project object */;
}
